
Microsoft Visual Studio Solution File, Format Version 12.00
# Visual Studio Version 17
VisualStudioVersion = 17.5.33530.505
MinimumVisualStudioVersion = 10.0.40219.1
Project("{FAE04EC0-301F-11D3-BF4B-00C04F79EFBC}") = "DLL Injector VB NET Core", "DLL Injector VB NET Core\DLL Injector VB NET Core.csproj", "{C88EAD75-ADD2-41AD-879E-D5825DF951D3}"
EndProject
Global
	GlobalSection(SolutionConfigurationPlatforms) = preSolution
		Debug|Any CPU = Debug|Any CPU
		Release|Any CPU = Release|Any CPU
	EndGlobalSection
	GlobalSection(ProjectConfigurationPlatforms) = postSolution
		{C88EAD75-ADD2-41AD-879E-D5825DF951D3}.Debug|Any CPU.ActiveCfg = Debug|Any CPU
		{C88EAD75-ADD2-41AD-879E-D5825DF951D3}.Debug|Any CPU.Build.0 = Debug|Any CPU
		{C88EAD75-ADD2-41AD-879E-D5825DF951D3}.Release|Any CPU.ActiveCfg = Release|Any CPU
		{C88EAD75-ADD2-41AD-879E-D5825DF951D3}.Release|Any CPU.Build.0 = Release|Any CPU
	EndGlobalSection
	GlobalSection(SolutionProperties) = preSolution
		HideSolutionNode = FALSE
	EndGlobalSection
	GlobalSection(ExtensibilityGlobals) = postSolution
		SolutionGuid = {50B1B08F-AB52-45CB-B559-E3926D6CC687}
	EndGlobalSection
EndGlobal
