
Microsoft Visual Studio Solution File, Format Version 12.00
# Visual Studio Version 17
VisualStudioVersion = 17.5.33530.505
MinimumVisualStudioVersion = 10.0.40219.1
Project("{FAE04EC0-301F-11D3-BF4B-00C04F79EFBC}") = "DLL Injector", "DLL Injector\DLL Injector.csproj", "{4A1698E0-9A60-47A6-BB1C-F008A455C260}"
EndProject
Global
	GlobalSection(SolutionConfigurationPlatforms) = preSolution
		Debug|Any CPU = Debug|Any CPU
		Release|Any CPU = Release|Any CPU
	EndGlobalSection
	GlobalSection(ProjectConfigurationPlatforms) = postSolution
		{4A1698E0-9A60-47A6-BB1C-F008A455C260}.Debug|Any CPU.ActiveCfg = Debug|Any CPU
		{4A1698E0-9A60-47A6-BB1C-F008A455C260}.Debug|Any CPU.Build.0 = Debug|Any CPU
		{4A1698E0-9A60-47A6-BB1C-F008A455C260}.Release|Any CPU.ActiveCfg = Release|Any CPU
		{4A1698E0-9A60-47A6-BB1C-F008A455C260}.Release|Any CPU.Build.0 = Release|Any CPU
	EndGlobalSection
	GlobalSection(SolutionProperties) = preSolution
		HideSolutionNode = FALSE
	EndGlobalSection
	GlobalSection(ExtensibilityGlobals) = postSolution
		SolutionGuid = {3B25EF91-3884-4F20-8A71-AC06FE4CF11D}
	EndGlobalSection
EndGlobal
